
Microsoft Visual Studio Solution File, Format Version 12.00
# Visual Studio Version 17
VisualStudioVersion = 17.4.33403.182
MinimumVisualStudioVersion = 10.0.40219.1
Project("{9A19103F-16F7-4668-BE54-9A1E7A4F7556}") = "Messenger-Server", "Messenger-Server\Messenger-Server.csproj", "{AA785B39-CE8E-41C3-840A-8CB2501206F7}"
EndProject
Project("{FAE04EC0-301F-11D3-BF4B-00C04F79EFBC}") = "Client-Wpf", "Client-Wpf\Client-Wpf.csproj", "{4B41FD35-43E0-4287-A73E-33C84166C94C}"
EndProject
Project("{FAE04EC0-301F-11D3-BF4B-00C04F79EFBC}") = "ModelLibrary", "ModelLibrary\ModelLibrary.csproj", "{D4F9D684-8287-4139-9CAE-9A9CDE121E12}"
EndProject
Global
	GlobalSection(SolutionConfigurationPlatforms) = preSolution
		Debug|Any CPU = Debug|Any CPU
		Release|Any CPU = Release|Any CPU
	EndGlobalSection
	GlobalSection(ProjectConfigurationPlatforms) = postSolution
		{AA785B39-CE8E-41C3-840A-8CB2501206F7}.Debug|Any CPU.ActiveCfg = Debug|Any CPU
		{AA785B39-CE8E-41C3-840A-8CB2501206F7}.Debug|Any CPU.Build.0 = Debug|Any CPU
		{AA785B39-CE8E-41C3-840A-8CB2501206F7}.Release|Any CPU.ActiveCfg = Release|Any CPU
		{AA785B39-CE8E-41C3-840A-8CB2501206F7}.Release|Any CPU.Build.0 = Release|Any CPU
		{4B41FD35-43E0-4287-A73E-33C84166C94C}.Debug|Any CPU.ActiveCfg = Debug|Any CPU
		{4B41FD35-43E0-4287-A73E-33C84166C94C}.Debug|Any CPU.Build.0 = Debug|Any CPU
		{4B41FD35-43E0-4287-A73E-33C84166C94C}.Release|Any CPU.ActiveCfg = Release|Any CPU
		{4B41FD35-43E0-4287-A73E-33C84166C94C}.Release|Any CPU.Build.0 = Release|Any CPU
		{D4F9D684-8287-4139-9CAE-9A9CDE121E12}.Debug|Any CPU.ActiveCfg = Debug|Any CPU
		{D4F9D684-8287-4139-9CAE-9A9CDE121E12}.Debug|Any CPU.Build.0 = Debug|Any CPU
		{D4F9D684-8287-4139-9CAE-9A9CDE121E12}.Release|Any CPU.ActiveCfg = Release|Any CPU
		{D4F9D684-8287-4139-9CAE-9A9CDE121E12}.Release|Any CPU.Build.0 = Release|Any CPU
	EndGlobalSection
	GlobalSection(SolutionProperties) = preSolution
		HideSolutionNode = FALSE
	EndGlobalSection
	GlobalSection(ExtensibilityGlobals) = postSolution
		SolutionGuid = {00D33776-3EE3-4B8F-AD91-DE1C63A90DC9}
	EndGlobalSection
EndGlobal
